// !$*UTF8*$!
{
	archiveVersion = 1;
	classes = {
	};
	objectVersion = 46;
	objects = {

/* Begin PBXBuildFile section */
		0A447FD71519D2580047EB6C /* PKGeometryPasterLibrary.m in Sources */ = {isa = PBXBuildFile; fileRef = 0A447FD61519D2580047EB6C /* PKGeometryPasterLibrary.m */; };
		0A78D517150F3D4B008836F3 /* UIKit.framework in Frameworks */ = {isa = PBXBuildFile; fileRef = 0A78D516150F3D4B008836F3 /* UIKit.framework */; };
		0A78D519150F3D4B008836F3 /* Foundation.framework in Frameworks */ = {isa = PBXBuildFile; fileRef = 0A78D518150F3D4B008836F3 /* Foundation.framework */; };
		0A78D51B150F3D4B008836F3 /* CoreGraphics.framework in Frameworks */ = {isa = PBXBuildFile; fileRef = 0A78D51A150F3D4B008836F3 /* CoreGraphics.framework */; };
		0A78D521150F3D4B008836F3 /* InfoPlist.strings in Resources */ = {isa = PBXBuildFile; fileRef = 0A78D51F150F3D4B008836F3 /* InfoPlist.strings */; };
		0A78D523150F3D4B008836F3 /* main.m in Sources */ = {isa = PBXBuildFile; fileRef = 0A78D522150F3D4B008836F3 /* main.m */; };
		0A78D527150F3D4B008836F3 /* AppDelegate.m in Sources */ = {isa = PBXBuildFile; fileRef = 0A78D526150F3D4B008836F3 /* AppDelegate.m */; };
		0A78D533150F4541008836F3 /* DKDrawBoard.m in Sources */ = {isa = PBXBuildFile; fileRef = 0A78D532150F4541008836F3 /* DKDrawBoard.m */; };
		0A78D536150F5649008836F3 /* DKPen.m in Sources */ = {isa = PBXBuildFile; fileRef = 0A78D535150F5649008836F3 /* DKPen.m */; };
		0A8F86C1151DF3910078C33D /* PKGeometryImageView.m in Sources */ = {isa = PBXBuildFile; fileRef = 0A8F86C0151DF3910078C33D /* PKGeometryImageView.m */; };
		0A9908C71519F62800EA7903 /* PKGeometryPasterTemplate.m in Sources */ = {isa = PBXBuildFile; fileRef = 0A9908C61519F62800EA7903 /* PKGeometryPasterTemplate.m */; };
		0ABC5E3515219EDD0060134E /* PKPasterTemplate.m in Sources */ = {isa = PBXBuildFile; fileRef = 0ABC5E3415219EDD0060134E /* PKPasterTemplate.m */; };
		0AC92DFD1522ED8F000D1ED4 /* DataOfPasterTemplates.plist in Resources */ = {isa = PBXBuildFile; fileRef = 0AC92DFC1522ED8F000D1ED4 /* DataOfPasterTemplates.plist */; };
		0AC92E56152376D4000D1ED4 /* PKPasterTemplateLibrary.m in Sources */ = {isa = PBXBuildFile; fileRef = 0AC92E55152376D4000D1ED4 /* PKPasterTemplateLibrary.m */; };
		0AE0DAA415108A9A002BD69F /* DKWaterColorPen.m in Sources */ = {isa = PBXBuildFile; fileRef = 0AE0DAA315108A9A002BD69F /* DKWaterColorPen.m */; };
		0AE0DACD1510BCCE002BD69F /* DKDrawCanvas.m in Sources */ = {isa = PBXBuildFile; fileRef = 0AE0DACC1510BCCE002BD69F /* DKDrawCanvas.m */; };
		0AE6335C1528415800D25ECB /* SWPasterWonderlandViewController.m in Sources */ = {isa = PBXBuildFile; fileRef = 0AE6335A1528415800D25ECB /* SWPasterWonderlandViewController.m */; };
		0AE6335D1528415800D25ECB /* SWPasterWonderlandViewController.xib in Resources */ = {isa = PBXBuildFile; fileRef = 0AE6335B1528415800D25ECB /* SWPasterWonderlandViewController.xib */; };
		0AE6336F152842C500D25ECB /* pasterTemplate0.png in Resources */ = {isa = PBXBuildFile; fileRef = 0AE63363152842C500D25ECB /* pasterTemplate0.png */; };
		0AE63370152842C500D25ECB /* pasterTemplate1.png in Resources */ = {isa = PBXBuildFile; fileRef = 0AE63364152842C500D25ECB /* pasterTemplate1.png */; };
		0AE63371152842C500D25ECB /* pasterTemplate2.png in Resources */ = {isa = PBXBuildFile; fileRef = 0AE63365152842C500D25ECB /* pasterTemplate2.png */; };
		0AE63372152842C500D25ECB /* pasterTemplate3.png in Resources */ = {isa = PBXBuildFile; fileRef = 0AE63366152842C500D25ECB /* pasterTemplate3.png */; };
		0AE63373152842C500D25ECB /* pasterTemplate4.png in Resources */ = {isa = PBXBuildFile; fileRef = 0AE63367152842C500D25ECB /* pasterTemplate4.png */; };
		0AE63374152842C500D25ECB /* pasterTemplate5.png in Resources */ = {isa = PBXBuildFile; fileRef = 0AE63368152842C500D25ECB /* pasterTemplate5.png */; };
		0AE63375152842C500D25ECB /* pasterTemplate6.png in Resources */ = {isa = PBXBuildFile; fileRef = 0AE63369152842C500D25ECB /* pasterTemplate6.png */; };
		0AE63376152842C500D25ECB /* pasterTemplate7.png in Resources */ = {isa = PBXBuildFile; fileRef = 0AE6336A152842C500D25ECB /* pasterTemplate7.png */; };
		0AE63377152842C500D25ECB /* pasterTemplate8.png in Resources */ = {isa = PBXBuildFile; fileRef = 0AE6336B152842C500D25ECB /* pasterTemplate8.png */; };
		0AE63378152842C500D25ECB /* pasterTemplate9.png in Resources */ = {isa = PBXBuildFile; fileRef = 0AE6336C152842C500D25ECB /* pasterTemplate9.png */; };
		0AE63379152842C500D25ECB /* pasterTemplate10.png in Resources */ = {isa = PBXBuildFile; fileRef = 0AE6336D152842C500D25ECB /* pasterTemplate10.png */; };
		0AE6337A152842C500D25ECB /* pasterTemplate11.png in Resources */ = {isa = PBXBuildFile; fileRef = 0AE6336E152842C500D25ECB /* pasterTemplate11.png */; };
		0AE633811528432C00D25ECB /* backgroundImage.png in Resources */ = {isa = PBXBuildFile; fileRef = 0AE6337F1528432C00D25ECB /* backgroundImage.png */; };
		0AE633821528432C00D25ECB /* returnButton.png in Resources */ = {isa = PBXBuildFile; fileRef = 0AE633801528432C00D25ECB /* returnButton.png */; };
		0AFD1E7F1519FCA400278F3C /* PKGeometryPaster.m in Sources */ = {isa = PBXBuildFile; fileRef = 0AFD1E7E1519FCA400278F3C /* PKGeometryPaster.m */; };
		A304F7FA15230BB4009757AE /* OpenGLES.framework in Frameworks */ = {isa = PBXBuildFile; fileRef = A304F7F915230BB4009757AE /* OpenGLES.framework */; };
/* End PBXBuildFile section */

/* Begin PBXFileReference section */
		0A447FD51519D2580047EB6C /* PKGeometryPasterLibrary.h */ = {isa = PBXFileReference; fileEncoding = 4; lastKnownFileType = sourcecode.c.h; path = PKGeometryPasterLibrary.h; sourceTree = "<group>"; };
		0A447FD61519D2580047EB6C /* PKGeometryPasterLibrary.m */ = {isa = PBXFileReference; fileEncoding = 4; lastKnownFileType = sourcecode.c.objc; path = PKGeometryPasterLibrary.m; sourceTree = "<group>"; };
		0A78D512150F3D4B008836F3 /* Sketch.app */ = {isa = PBXFileReference; explicitFileType = wrapper.application; includeInIndex = 0; path = Sketch.app; sourceTree = BUILT_PRODUCTS_DIR; };
		0A78D516150F3D4B008836F3 /* UIKit.framework */ = {isa = PBXFileReference; lastKnownFileType = wrapper.framework; name = UIKit.framework; path = System/Library/Frameworks/UIKit.framework; sourceTree = SDKROOT; };
		0A78D518150F3D4B008836F3 /* Foundation.framework */ = {isa = PBXFileReference; lastKnownFileType = wrapper.framework; name = Foundation.framework; path = System/Library/Frameworks/Foundation.framework; sourceTree = SDKROOT; };
		0A78D51A150F3D4B008836F3 /* CoreGraphics.framework */ = {isa = PBXFileReference; lastKnownFileType = wrapper.framework; name = CoreGraphics.framework; path = System/Library/Frameworks/CoreGraphics.framework; sourceTree = SDKROOT; };
		0A78D51E150F3D4B008836F3 /* Sketch-Info.plist */ = {isa = PBXFileReference; lastKnownFileType = text.plist.xml; path = "Sketch-Info.plist"; sourceTree = "<group>"; };
		0A78D520150F3D4B008836F3 /* en */ = {isa = PBXFileReference; lastKnownFileType = text.plist.strings; name = en; path = en.lproj/InfoPlist.strings; sourceTree = "<group>"; };
		0A78D522150F3D4B008836F3 /* main.m */ = {isa = PBXFileReference; lastKnownFileType = sourcecode.c.objc; path = main.m; sourceTree = "<group>"; };
		0A78D524150F3D4B008836F3 /* Sketch-Prefix.pch */ = {isa = PBXFileReference; lastKnownFileType = sourcecode.c.h; path = "Sketch-Prefix.pch"; sourceTree = "<group>"; };
		0A78D525150F3D4B008836F3 /* AppDelegate.h */ = {isa = PBXFileReference; lastKnownFileType = sourcecode.c.h; path = AppDelegate.h; sourceTree = "<group>"; };
		0A78D526150F3D4B008836F3 /* AppDelegate.m */ = {isa = PBXFileReference; lastKnownFileType = sourcecode.c.objc; path = AppDelegate.m; sourceTree = "<group>"; };
		0A78D531150F4541008836F3 /* DKDrawBoard.h */ = {isa = PBXFileReference; fileEncoding = 4; lastKnownFileType = sourcecode.c.h; path = DKDrawBoard.h; sourceTree = "<group>"; };
		0A78D532150F4541008836F3 /* DKDrawBoard.m */ = {isa = PBXFileReference; fileEncoding = 4; lastKnownFileType = sourcecode.c.objc; path = DKDrawBoard.m; sourceTree = "<group>"; };
		0A78D534150F5649008836F3 /* DKPen.h */ = {isa = PBXFileReference; fileEncoding = 4; lastKnownFileType = sourcecode.c.h; path = DKPen.h; sourceTree = "<group>"; };
		0A78D535150F5649008836F3 /* DKPen.m */ = {isa = PBXFileReference; fileEncoding = 4; lastKnownFileType = sourcecode.c.objc; path = DKPen.m; sourceTree = "<group>"; };
		0A8F86BF151DF3910078C33D /* PKGeometryImageView.h */ = {isa = PBXFileReference; fileEncoding = 4; lastKnownFileType = sourcecode.c.h; path = PKGeometryImageView.h; sourceTree = "<group>"; };
		0A8F86C0151DF3910078C33D /* PKGeometryImageView.m */ = {isa = PBXFileReference; fileEncoding = 4; lastKnownFileType = sourcecode.c.objc; path = PKGeometryImageView.m; sourceTree = "<group>"; };
		0A9908C51519F62800EA7903 /* PKGeometryPasterTemplate.h */ = {isa = PBXFileReference; fileEncoding = 4; lastKnownFileType = sourcecode.c.h; path = PKGeometryPasterTemplate.h; sourceTree = "<group>"; };
		0A9908C61519F62800EA7903 /* PKGeometryPasterTemplate.m */ = {isa = PBXFileReference; fileEncoding = 4; lastKnownFileType = sourcecode.c.objc; path = PKGeometryPasterTemplate.m; sourceTree = "<group>"; };
		0ABC5E3315219EDD0060134E /* PKPasterTemplate.h */ = {isa = PBXFileReference; fileEncoding = 4; lastKnownFileType = sourcecode.c.h; path = PKPasterTemplate.h; sourceTree = "<group>"; };
		0ABC5E3415219EDD0060134E /* PKPasterTemplate.m */ = {isa = PBXFileReference; fileEncoding = 4; lastKnownFileType = sourcecode.c.objc; path = PKPasterTemplate.m; sourceTree = "<group>"; };
		0AC92DFC1522ED8F000D1ED4 /* DataOfPasterTemplates.plist */ = {isa = PBXFileReference; fileEncoding = 4; lastKnownFileType = text.plist.xml; path = DataOfPasterTemplates.plist; sourceTree = "<group>"; };
		0AC92E54152376D4000D1ED4 /* PKPasterTemplateLibrary.h */ = {isa = PBXFileReference; fileEncoding = 4; lastKnownFileType = sourcecode.c.h; path = PKPasterTemplateLibrary.h; sourceTree = "<group>"; };
		0AC92E55152376D4000D1ED4 /* PKPasterTemplateLibrary.m */ = {isa = PBXFileReference; fileEncoding = 4; lastKnownFileType = sourcecode.c.objc; path = PKPasterTemplateLibrary.m; sourceTree = "<group>"; };
		0AE0DAA215108A9A002BD69F /* DKWaterColorPen.h */ = {isa = PBXFileReference; fileEncoding = 4; lastKnownFileType = sourcecode.c.h; path = DKWaterColorPen.h; sourceTree = "<group>"; };
		0AE0DAA315108A9A002BD69F /* DKWaterColorPen.m */ = {isa = PBXFileReference; fileEncoding = 4; lastKnownFileType = sourcecode.c.objc; path = DKWaterColorPen.m; sourceTree = "<group>"; };
		0AE0DACB1510BCCE002BD69F /* DKDrawCanvas.h */ = {isa = PBXFileReference; fileEncoding = 4; lastKnownFileType = sourcecode.c.h; path = DKDrawCanvas.h; sourceTree = "<group>"; };
		0AE0DACC1510BCCE002BD69F /* DKDrawCanvas.m */ = {isa = PBXFileReference; fileEncoding = 4; lastKnownFileType = sourcecode.c.objc; path = DKDrawCanvas.m; sourceTree = "<group>"; };
		0AE633591528415800D25ECB /* SWPasterWonderlandViewController.h */ = {isa = PBXFileReference; fileEncoding = 4; lastKnownFileType = sourcecode.c.h; path = SWPasterWonderlandViewController.h; sourceTree = "<group>"; };
		0AE6335A1528415800D25ECB /* SWPasterWonderlandViewController.m */ = {isa = PBXFileReference; fileEncoding = 4; lastKnownFileType = sourcecode.c.objc; path = SWPasterWonderlandViewController.m; sourceTree = "<group>"; };
		0AE6335B1528415800D25ECB /* SWPasterWonderlandViewController.xib */ = {isa = PBXFileReference; fileEncoding = 4; lastKnownFileType = file.xib; path = SWPasterWonderlandViewController.xib; sourceTree = "<group>"; };
		0AE63363152842C500D25ECB /* pasterTemplate0.png */ = {isa = PBXFileReference; lastKnownFileType = image.png; name = pasterTemplate0.png; path = Resources/SWPasterWonderlandView/PasterTemplates/pasterTemplate0.png; sourceTree = "<group>"; };
		0AE63364152842C500D25ECB /* pasterTemplate1.png */ = {isa = PBXFileReference; lastKnownFileType = image.png; name = pasterTemplate1.png; path = Resources/SWPasterWonderlandView/PasterTemplates/pasterTemplate1.png; sourceTree = "<group>"; };
		0AE63365152842C500D25ECB /* pasterTemplate2.png */ = {isa = PBXFileReference; lastKnownFileType = image.png; name = pasterTemplate2.png; path = Resources/SWPasterWonderlandView/PasterTemplates/pasterTemplate2.png; sourceTree = "<group>"; };
		0AE63366152842C500D25ECB /* pasterTemplate3.png */ = {isa = PBXFileReference; lastKnownFileType = image.png; name = pasterTemplate3.png; path = Resources/SWPasterWonderlandView/PasterTemplates/pasterTemplate3.png; sourceTree = "<group>"; };
		0AE63367152842C500D25ECB /* pasterTemplate4.png */ = {isa = PBXFileReference; lastKnownFileType = image.png; name = pasterTemplate4.png; path = Resources/SWPasterWonderlandView/PasterTemplates/pasterTemplate4.png; sourceTree = "<group>"; };
		0AE63368152842C500D25ECB /* pasterTemplate5.png */ = {isa = PBXFileReference; lastKnownFileType = image.png; name = pasterTemplate5.png; path = Resources/SWPasterWonderlandView/PasterTemplates/pasterTemplate5.png; sourceTree = "<group>"; };
		0AE63369152842C500D25ECB /* pasterTemplate6.png */ = {isa = PBXFileReference; lastKnownFileType = image.png; name = pasterTemplate6.png; path = Resources/SWPasterWonderlandView/PasterTemplates/pasterTemplate6.png; sourceTree = "<group>"; };
		0AE6336A152842C500D25ECB /* pasterTemplate7.png */ = {isa = PBXFileReference; lastKnownFileType = image.png; name = pasterTemplate7.png; path = Resources/SWPasterWonderlandView/PasterTemplates/pasterTemplate7.png; sourceTree = "<group>"; };
		0AE6336B152842C500D25ECB /* pasterTemplate8.png */ = {isa = PBXFileReference; lastKnownFileType = image.png; name = pasterTemplate8.png; path = Resources/SWPasterWonderlandView/PasterTemplates/pasterTemplate8.png; sourceTree = "<group>"; };
		0AE6336C152842C500D25ECB /* pasterTemplate9.png */ = {isa = PBXFileReference; lastKnownFileType = image.png; name = pasterTemplate9.png; path = Resources/SWPasterWonderlandView/PasterTemplates/pasterTemplate9.png; sourceTree = "<group>"; };
		0AE6336D152842C500D25ECB /* pasterTemplate10.png */ = {isa = PBXFileReference; lastKnownFileType = image.png; name = pasterTemplate10.png; path = Resources/SWPasterWonderlandView/PasterTemplates/pasterTemplate10.png; sourceTree = "<group>"; };
		0AE6336E152842C500D25ECB /* pasterTemplate11.png */ = {isa = PBXFileReference; lastKnownFileType = image.png; name = pasterTemplate11.png; path = Resources/SWPasterWonderlandView/PasterTemplates/pasterTemplate11.png; sourceTree = "<group>"; };
		0AE6337F1528432C00D25ECB /* backgroundImage.png */ = {isa = PBXFileReference; lastKnownFileType = image.png; name = backgroundImage.png; path = Resources/SWPasterWonderlandView/backgroundImage.png; sourceTree = "<group>"; };
		0AE633801528432C00D25ECB /* returnButton.png */ = {isa = PBXFileReference; lastKnownFileType = image.png; name = returnButton.png; path = Resources/SWPasterWonderlandView/returnButton.png; sourceTree = "<group>"; };
		0AFD1E7D1519FCA400278F3C /* PKGeometryPaster.h */ = {isa = PBXFileReference; fileEncoding = 4; lastKnownFileType = sourcecode.c.h; path = PKGeometryPaster.h; sourceTree = "<group>"; };
		0AFD1E7E1519FCA400278F3C /* PKGeometryPaster.m */ = {isa = PBXFileReference; fileEncoding = 4; lastKnownFileType = sourcecode.c.objc; path = PKGeometryPaster.m; sourceTree = "<group>"; };
		A304F7F915230BB4009757AE /* OpenGLES.framework */ = {isa = PBXFileReference; lastKnownFileType = wrapper.framework; name = OpenGLES.framework; path = System/Library/Frameworks/OpenGLES.framework; sourceTree = SDKROOT; };
		A38698FF1521F1B00073AA94 /* EnumClass.h */ = {isa = PBXFileReference; fileEncoding = 4; lastKnownFileType = sourcecode.c.h; path = EnumClass.h; sourceTree = "<group>"; };
/* End PBXFileReference section */

/* Begin PBXFrameworksBuildPhase section */
		0A78D50F150F3D4B008836F3 /* Frameworks */ = {
			isa = PBXFrameworksBuildPhase;
			buildActionMask = 2147483647;
			files = (
				A304F7FA15230BB4009757AE /* OpenGLES.framework in Frameworks */,
				0A78D517150F3D4B008836F3 /* UIKit.framework in Frameworks */,
				0A78D519150F3D4B008836F3 /* Foundation.framework in Frameworks */,
				0A78D51B150F3D4B008836F3 /* CoreGraphics.framework in Frameworks */,
			);
			runOnlyForDeploymentPostprocessing = 0;
		};
/* End PBXFrameworksBuildPhase section */

/* Begin PBXGroup section */
		0A78D507150F3D4B008836F3 = {
			isa = PBXGroup;
			children = (
				0A78D51C150F3D4B008836F3 /* Sketch */,
				0A78D515150F3D4B008836F3 /* Frameworks */,
				0A78D513150F3D4B008836F3 /* Products */,
			);
			sourceTree = "<group>";
		};
		0A78D513150F3D4B008836F3 /* Products */ = {
			isa = PBXGroup;
			children = (
				0A78D512150F3D4B008836F3 /* Sketch.app */,
			);
			name = Products;
			sourceTree = "<group>";
		};
		0A78D515150F3D4B008836F3 /* Frameworks */ = {
			isa = PBXGroup;
			children = (
				A304F7F915230BB4009757AE /* OpenGLES.framework */,
				0A78D516150F3D4B008836F3 /* UIKit.framework */,
				0A78D518150F3D4B008836F3 /* Foundation.framework */,
				0A78D51A150F3D4B008836F3 /* CoreGraphics.framework */,
			);
			name = Frameworks;
			sourceTree = "<group>";
		};
		0A78D51C150F3D4B008836F3 /* Sketch */ = {
			isa = PBXGroup;
			children = (
				0AE633601528419D00D25ECB /* View */,
				0AE6335F1528416600D25ECB /* Model */,
				0A78D51D150F3D4B008836F3 /* Supporting Files */,
			);
			path = Sketch;
			sourceTree = "<group>";
		};
		0A78D51D150F3D4B008836F3 /* Supporting Files */ = {
			isa = PBXGroup;
			children = (
				A38698EC1521A8DA0073AA94 /* Resources */,
				0A78D525150F3D4B008836F3 /* AppDelegate.h */,
				0A78D526150F3D4B008836F3 /* AppDelegate.m */,
				0A78D51E150F3D4B008836F3 /* Sketch-Info.plist */,
				0AC92DFC1522ED8F000D1ED4 /* DataOfPasterTemplates.plist */,
				0A78D51F150F3D4B008836F3 /* InfoPlist.strings */,
				0A78D522150F3D4B008836F3 /* main.m */,
				0A78D524150F3D4B008836F3 /* Sketch-Prefix.pch */,
			);
			name = "Supporting Files";
			sourceTree = "<group>";
		};
		0A9908C91519F63900EA7903 /* PasterKit */ = {
			isa = PBXGroup;
			children = (
				0A447FD51519D2580047EB6C /* PKGeometryPasterLibrary.h */,
				0A447FD61519D2580047EB6C /* PKGeometryPasterLibrary.m */,
				0A9908C51519F62800EA7903 /* PKGeometryPasterTemplate.h */,
				0A9908C61519F62800EA7903 /* PKGeometryPasterTemplate.m */,
				0AFD1E7D1519FCA400278F3C /* PKGeometryPaster.h */,
				0AFD1E7E1519FCA400278F3C /* PKGeometryPaster.m */,
				0A8F86BF151DF3910078C33D /* PKGeometryImageView.h */,
				0A8F86C0151DF3910078C33D /* PKGeometryImageView.m */,
				0ABC5E3315219EDD0060134E /* PKPasterTemplate.h */,
				0ABC5E3415219EDD0060134E /* PKPasterTemplate.m */,
				0AC92E54152376D4000D1ED4 /* PKPasterTemplateLibrary.h */,
				0AC92E55152376D4000D1ED4 /* PKPasterTemplateLibrary.m */,
			);
			name = PasterKit;
			sourceTree = "<group>";
		};
		0A9908CB1519F65B00EA7903 /* DrawKit */ = {
			isa = PBXGroup;
			children = (
				0A78D531150F4541008836F3 /* DKDrawBoard.h */,
				0A78D532150F4541008836F3 /* DKDrawBoard.m */,
				0A78D534150F5649008836F3 /* DKPen.h */,
				0A78D535150F5649008836F3 /* DKPen.m */,
				0AE0DAA215108A9A002BD69F /* DKWaterColorPen.h */,
				0AE0DAA315108A9A002BD69F /* DKWaterColorPen.m */,
				0AE0DACB1510BCCE002BD69F /* DKDrawCanvas.h */,
				0AE0DACC1510BCCE002BD69F /* DKDrawCanvas.m */,
			);
			name = DrawKit;
			sourceTree = "<group>";
		};
		0AE6335F1528416600D25ECB /* Model */ = {
			isa = PBXGroup;
			children = (
				A38698FF1521F1B00073AA94 /* EnumClass.h */,
				0A9908C91519F63900EA7903 /* PasterKit */,
				0A9908CB1519F65B00EA7903 /* DrawKit */,
			);
			name = Model;
			sourceTree = "<group>";
		};
		0AE633601528419D00D25ECB /* View */ = {
			isa = PBXGroup;
			children = (
				0AE633591528415800D25ECB /* SWPasterWonderlandViewController.h */,
				0AE6335A1528415800D25ECB /* SWPasterWonderlandViewController.m */,
				0AE6335B1528415800D25ECB /* SWPasterWonderlandViewController.xib */,
			);
			name = View;
			sourceTree = "<group>";
		};
		0AE63361152841EB00D25ECB /* SWPasterWonderlandView */ = {
			isa = PBXGroup;
			children = (
				0AE6337F1528432C00D25ECB /* backgroundImage.png */,
				0AE633801528432C00D25ECB /* returnButton.png */,
				0AE63362152842A100D25ECB /* PasterTemplates */,
			);
			name = SWPasterWonderlandView;
			sourceTree = "<group>";
		};
		0AE63362152842A100D25ECB /* PasterTemplates */ = {
			isa = PBXGroup;
			children = (
				0AE63363152842C500D25ECB /* pasterTemplate0.png */,
				0AE63364152842C500D25ECB /* pasterTemplate1.png */,
				0AE63365152842C500D25ECB /* pasterTemplate2.png */,
				0AE63366152842C500D25ECB /* pasterTemplate3.png */,
				0AE63367152842C500D25ECB /* pasterTemplate4.png */,
				0AE63368152842C500D25ECB /* pasterTemplate5.png */,
				0AE63369152842C500D25ECB /* pasterTemplate6.png */,
				0AE6336A152842C500D25ECB /* pasterTemplate7.png */,
				0AE6336B152842C500D25ECB /* pasterTemplate8.png */,
				0AE6336C152842C500D25ECB /* pasterTemplate9.png */,
				0AE6336D152842C500D25ECB /* pasterTemplate10.png */,
				0AE6336E152842C500D25ECB /* pasterTemplate11.png */,
			);
			name = PasterTemplates;
			sourceTree = "<group>";
		};
		A38698EC1521A8DA0073AA94 /* Resources */ = {
			isa = PBXGroup;
			children = (
				0AE63361152841EB00D25ECB /* SWPasterWonderlandView */,
			);
			name = Resources;
			sourceTree = "<group>";
		};
/* End PBXGroup section */

/* Begin PBXNativeTarget section */
		0A78D511150F3D4B008836F3 /* Sketch */ = {
			isa = PBXNativeTarget;
			buildConfigurationList = 0A78D52A150F3D4B008836F3 /* Build configuration list for PBXNativeTarget "Sketch" */;
			buildPhases = (
				0A78D50E150F3D4B008836F3 /* Sources */,
				0A78D50F150F3D4B008836F3 /* Frameworks */,
				0A78D510150F3D4B008836F3 /* Resources */,
			);
			buildRules = (
			);
			dependencies = (
			);
			name = Sketch;
			productName = Sketch;
			productReference = 0A78D512150F3D4B008836F3 /* Sketch.app */;
			productType = "com.apple.product-type.application";
		};
/* End PBXNativeTarget section */

/* Begin PBXProject section */
		0A78D509150F3D4B008836F3 /* Project object */ = {
			isa = PBXProject;
			attributes = {
				LastUpgradeCheck = 0420;
			};
			buildConfigurationList = 0A78D50C150F3D4B008836F3 /* Build configuration list for PBXProject "Sketch" */;
			compatibilityVersion = "Xcode 3.2";
			developmentRegion = English;
			hasScannedForEncodings = 0;
			knownRegions = (
				en,
			);
			mainGroup = 0A78D507150F3D4B008836F3;
			productRefGroup = 0A78D513150F3D4B008836F3 /* Products */;
			projectDirPath = "";
			projectRoot = "";
			targets = (
				0A78D511150F3D4B008836F3 /* Sketch */,
			);
		};
/* End PBXProject section */

/* Begin PBXResourcesBuildPhase section */
		0A78D510150F3D4B008836F3 /* Resources */ = {
			isa = PBXResourcesBuildPhase;
			buildActionMask = 2147483647;
			files = (
				0A78D521150F3D4B008836F3 /* InfoPlist.strings in Resources */,
				0AC92DFD1522ED8F000D1ED4 /* DataOfPasterTemplates.plist in Resources */,
				0AE6335D1528415800D25ECB /* SWPasterWonderlandViewController.xib in Resources */,
				0AE6336F152842C500D25ECB /* pasterTemplate0.png in Resources */,
				0AE63370152842C500D25ECB /* pasterTemplate1.png in Resources */,
				0AE63371152842C500D25ECB /* pasterTemplate2.png in Resources */,
				0AE63372152842C500D25ECB /* pasterTemplate3.png in Resources */,
				0AE63373152842C500D25ECB /* pasterTemplate4.png in Resources */,
				0AE63374152842C500D25ECB /* pasterTemplate5.png in Resources */,
				0AE63375152842C500D25ECB /* pasterTemplate6.png in Resources */,
				0AE63376152842C500D25ECB /* pasterTemplate7.png in Resources */,
				0AE63377152842C500D25ECB /* pasterTemplate8.png in Resources */,
				0AE63378152842C500D25ECB /* pasterTemplate9.png in Resources */,
				0AE63379152842C500D25ECB /* pasterTemplate10.png in Resources */,
				0AE6337A152842C500D25ECB /* pasterTemplate11.png in Resources */,
				0AE633811528432C00D25ECB /* backgroundImage.png in Resources */,
				0AE633821528432C00D25ECB /* returnButton.png in Resources */,
			);
			runOnlyForDeploymentPostprocessing = 0;
		};
/* End PBXResourcesBuildPhase section */

/* Begin PBXSourcesBuildPhase section */
		0A78D50E150F3D4B008836F3 /* Sources */ = {
			isa = PBXSourcesBuildPhase;
			buildActionMask = 2147483647;
			files = (
				0A78D523150F3D4B008836F3 /* main.m in Sources */,
				0A78D527150F3D4B008836F3 /* AppDelegate.m in Sources */,
				0A78D533150F4541008836F3 /* DKDrawBoard.m in Sources */,
				0A78D536150F5649008836F3 /* DKPen.m in Sources */,
				0AE0DAA415108A9A002BD69F /* DKWaterColorPen.m in Sources */,
				0AE0DACD1510BCCE002BD69F /* DKDrawCanvas.m in Sources */,
				0A447FD71519D2580047EB6C /* PKGeometryPasterLibrary.m in Sources */,
				0A9908C71519F62800EA7903 /* PKGeometryPasterTemplate.m in Sources */,
				0AFD1E7F1519FCA400278F3C /* PKGeometryPaster.m in Sources */,
				0A8F86C1151DF3910078C33D /* PKGeometryImageView.m in Sources */,
				0ABC5E3515219EDD0060134E /* PKPasterTemplate.m in Sources */,
				0AC92E56152376D4000D1ED4 /* PKPasterTemplateLibrary.m in Sources */,
				0AE6335C1528415800D25ECB /* SWPasterWonderlandViewController.m in Sources */,
			);
			runOnlyForDeploymentPostprocessing = 0;
		};
/* End PBXSourcesBuildPhase section */

/* Begin PBXVariantGroup section */
		0A78D51F150F3D4B008836F3 /* InfoPlist.strings */ = {
			isa = PBXVariantGroup;
			children = (
				0A78D520150F3D4B008836F3 /* en */,
			);
			name = InfoPlist.strings;
			sourceTree = "<group>";
		};
/* End PBXVariantGroup section */

/* Begin XCBuildConfiguration section */
		0A78D528150F3D4B008836F3 /* Debug */ = {
			isa = XCBuildConfiguration;
			buildSettings = {
				ALWAYS_SEARCH_USER_PATHS = NO;
				ARCHS = "$(ARCHS_STANDARD_32_BIT)";
				CLANG_ENABLE_OBJC_ARC = YES;
				"CODE_SIGN_IDENTITY[sdk=iphoneos*]" = "iPhone Developer";
				COPY_PHASE_STRIP = NO;
				GCC_C_LANGUAGE_STANDARD = gnu99;
				GCC_DYNAMIC_NO_PIC = NO;
				GCC_OPTIMIZATION_LEVEL = 0;
				GCC_PREPROCESSOR_DEFINITIONS = (
					"DEBUG=1",
					"$(inherited)",
				);
				GCC_SYMBOLS_PRIVATE_EXTERN = NO;
				GCC_VERSION = com.apple.compilers.llvm.clang.1_0;
				GCC_WARN_ABOUT_MISSING_PROTOTYPES = YES;
				GCC_WARN_ABOUT_RETURN_TYPE = YES;
				GCC_WARN_UNUSED_VARIABLE = YES;
				IPHONEOS_DEPLOYMENT_TARGET = 4.3;
				SDKROOT = iphoneos;
				TARGETED_DEVICE_FAMILY = "1,2";
			};
			name = Debug;
		};
		0A78D529150F3D4B008836F3 /* Release */ = {
			isa = XCBuildConfiguration;
			buildSettings = {
				ALWAYS_SEARCH_USER_PATHS = NO;
				ARCHS = "$(ARCHS_STANDARD_32_BIT)";
				CLANG_ENABLE_OBJC_ARC = YES;
				"CODE_SIGN_IDENTITY[sdk=iphoneos*]" = "iPhone Developer";
				COPY_PHASE_STRIP = YES;
				GCC_C_LANGUAGE_STANDARD = gnu99;
				GCC_VERSION = com.apple.compilers.llvm.clang.1_0;
				GCC_WARN_ABOUT_MISSING_PROTOTYPES = YES;
				GCC_WARN_ABOUT_RETURN_TYPE = YES;
				GCC_WARN_UNUSED_VARIABLE = YES;
				IPHONEOS_DEPLOYMENT_TARGET = 4.3;
				OTHER_CFLAGS = "-DNS_BLOCK_ASSERTIONS=1";
				SDKROOT = iphoneos;
				TARGETED_DEVICE_FAMILY = "1,2";
				VALIDATE_PRODUCT = YES;
			};
			name = Release;
		};
		0A78D52B150F3D4B008836F3 /* Debug */ = {
			isa = XCBuildConfiguration;
			buildSettings = {
				GCC_PRECOMPILE_PREFIX_HEADER = YES;
				GCC_PREFIX_HEADER = "Sketch/Sketch-Prefix.pch";
				INFOPLIST_FILE = "Sketch/Sketch-Info.plist";
				IPHONEOS_DEPLOYMENT_TARGET = 5.0;
				PRODUCT_NAME = "$(TARGET_NAME)";
				TARGETED_DEVICE_FAMILY = 2;
				WRAPPER_EXTENSION = app;
			};
			name = Debug;
		};
		0A78D52C150F3D4B008836F3 /* Release */ = {
			isa = XCBuildConfiguration;
			buildSettings = {
				GCC_PRECOMPILE_PREFIX_HEADER = YES;
				GCC_PREFIX_HEADER = "Sketch/Sketch-Prefix.pch";
				INFOPLIST_FILE = "Sketch/Sketch-Info.plist";
				IPHONEOS_DEPLOYMENT_TARGET = 5.0;
				PRODUCT_NAME = "$(TARGET_NAME)";
				TARGETED_DEVICE_FAMILY = 2;
				WRAPPER_EXTENSION = app;
			};
			name = Release;
		};
/* End XCBuildConfiguration section */

/* Begin XCConfigurationList section */
		0A78D50C150F3D4B008836F3 /* Build configuration list for PBXProject "Sketch" */ = {
			isa = XCConfigurationList;
			buildConfigurations = (
				0A78D528150F3D4B008836F3 /* Debug */,
				0A78D529150F3D4B008836F3 /* Release */,
			);
			defaultConfigurationIsVisible = 0;
			defaultConfigurationName = Release;
		};
		0A78D52A150F3D4B008836F3 /* Build configuration list for PBXNativeTarget "Sketch" */ = {
			isa = XCConfigurationList;
			buildConfigurations = (
				0A78D52B150F3D4B008836F3 /* Debug */,
				0A78D52C150F3D4B008836F3 /* Release */,
			);
			defaultConfigurationIsVisible = 0;
			defaultConfigurationName = Release;
		};
/* End XCConfigurationList section */
	};
	rootObject = 0A78D509150F3D4B008836F3 /* Project object */;
}
